
Microsoft Visual Studio Solution File, Format Version 12.00
# Visual Studio Version 18
VisualStudioVersion = 18.0.11222.15 d18.0
MinimumVisualStudioVersion = 10.0.40219.1
Project("{FAE04EC0-301F-11D3-BF4B-00C04F79EFBC}") = "Vaultr.Client", "Vaultr.Client\Vaultr.Client.csproj", "{FA7AD8DE-447B-4095-9050-834DC7078993}"
EndProject
Global
	GlobalSection(SolutionConfigurationPlatforms) = preSolution
		Debug|Any CPU = Debug|Any CPU
		Release|Any CPU = Release|Any CPU
	EndGlobalSection
	GlobalSection(ProjectConfigurationPlatforms) = postSolution
		{FA7AD8DE-447B-4095-9050-834DC7078993}.Debug|Any CPU.ActiveCfg = Debug|Any CPU
		{FA7AD8DE-447B-4095-9050-834DC7078993}.Debug|Any CPU.Build.0 = Debug|Any CPU
		{FA7AD8DE-447B-4095-9050-834DC7078993}.Debug|Any CPU.Deploy.0 = Debug|Any CPU
		{FA7AD8DE-447B-4095-9050-834DC7078993}.Release|Any CPU.ActiveCfg = Release|Any CPU
		{FA7AD8DE-447B-4095-9050-834DC7078993}.Release|Any CPU.Build.0 = Release|Any CPU
	EndGlobalSection
	GlobalSection(SolutionProperties) = preSolution
		HideSolutionNode = FALSE
	EndGlobalSection
	GlobalSection(ExtensibilityGlobals) = postSolution
		SolutionGuid = {534678BE-CE66-43BE-9664-B8E0AC66E508}
	EndGlobalSection
EndGlobal
