
Microsoft Visual Studio Solution File, Format Version 12.00
# Visual Studio Version 17
VisualStudioVersion = 17.0.31808.319
MinimumVisualStudioVersion = 10.0.40219.1
Project("{9A19103F-16F7-4668-BE54-9A1E7A4F7556}") = "Vaultr.Client", "Vaultr.Client\Vaultr.Client.csproj", "{A19EFF57-4085-4355-BCFC-CAF175C4F813}"
EndProject
Global
	GlobalSection(SolutionConfigurationPlatforms) = preSolution
		Debug|Any CPU = Debug|Any CPU
		Release|Any CPU = Release|Any CPU
	EndGlobalSection
	GlobalSection(ProjectConfigurationPlatforms) = postSolution
		{A19EFF57-4085-4355-BCFC-CAF175C4F813}.Debug|Any CPU.ActiveCfg = Debug|Any CPU
		{A19EFF57-4085-4355-BCFC-CAF175C4F813}.Debug|Any CPU.Build.0 = Debug|Any CPU
		{A19EFF57-4085-4355-BCFC-CAF175C4F813}.Debug|Any CPU.Deploy.0 = Debug|Any CPU
		{A19EFF57-4085-4355-BCFC-CAF175C4F813}.Release|Any CPU.ActiveCfg = Release|Any CPU
		{A19EFF57-4085-4355-BCFC-CAF175C4F813}.Release|Any CPU.Build.0 = Release|Any CPU
	EndGlobalSection
	GlobalSection(SolutionProperties) = preSolution
		HideSolutionNode = FALSE
	EndGlobalSection
	GlobalSection(ExtensibilityGlobals) = postSolution
		SolutionGuid = {534678BE-CE66-43BE-9664-B8E0AC66E508}
	EndGlobalSection
EndGlobal
